<?xml version="1.0" encoding="utf-8"?>
<Project ToolsVersion="4.0" xmlns="http://schemas.microsoft.com/developer/msbuild/2003">
  <ItemGroup>
    <Filter Include="Исходные файлы">
      <UniqueIdentifier>{4FC737F1-C7A5-4376-A066-2A32D752A2FF}</UniqueIdentifier>
      <Extensions>cpp;c;cc;cxx;c++;cppm;ixx;def;odl;idl;hpj;bat;asm;asmx</Extensions>
    </Filter>
    <Filter Include="Файлы заголовков">
      <UniqueIdentifier>{93995380-89BD-4b04-88EB-625FBE52EBFB}</UniqueIdentifier>
      <Extensions>h;hh;hpp;hxx;h++;hm;inl;inc;ipp;xsd</Extensions>
    </Filter>
    <Filter Include="Файлы ресурсов">
      <UniqueIdentifier>{67DA6AB6-F800-4c08-8B7A-83BB121AAD01}</UniqueIdentifier>
      <Extensions>rc;ico;cur;bmp;dlg;rc2;rct;bin;rgs;gif;jpg;jpeg;jpe;resx;tiff;tif;png;wav;mfcribbon-ms</Extensions>
    </Filter>
    <Filter Include="AshEngine">
      <UniqueIdentifier>{c2dec753-6661-4e96-9b40-3161f2895def}</UniqueIdentifier>
    </Filter>
    <Filter Include="scenes&amp;properties">
      <UniqueIdentifier>{6f0544b1-0cc8-447c-a78b-40150a93f1c8}</UniqueIdentifier>
    </Filter>
    <Filter Include="betterShape">
      <UniqueIdentifier>{c98c4492-66cb-4c1d-b5ab-30aa65f9df0b}</UniqueIdentifier>
    </Filter>
  </ItemGroup>
  <ItemGroup>
    <ClCompile Include="main.cpp">
      <Filter>Исходные файлы</Filter>
    </ClCompile>
    <ClCompile Include="AshEngine-Alpha-2-AP25\AshEngine\AshAnimator.cpp">
      <Filter>AshEngine</Filter>
    </ClCompile>
    <ClCompile Include="AshEngine-Alpha-2-AP25\AshEngine\AshCore.cpp">
      <Filter>AshEngine</Filter>
    </ClCompile>
    <ClCompile Include="AshEngine-Alpha-2-AP25\AshEngine\AshEntity.cpp">
      <Filter>AshEngine</Filter>
    </ClCompile>
    <ClCompile Include="AshEngine-Alpha-2-AP25\AshEngine\AshResourceManager.cpp">
      <Filter>AshEngine</Filter>
    </ClCompile>
    <ClCompile Include="Game.cpp">
      <Filter>Исходные файлы</Filter>
    </ClCompile>
    <ClCompile Include="staff\PolygonShape.cpp">
      <Filter>betterShape</Filter>
    </ClCompile>
    <ClCompile Include="staff\Shape.cpp">
      <Filter>betterShape</Filter>
    </ClCompile>
    <ClCompile Include="staff\Line.cpp">
      <Filter>betterShape</Filter>
    </ClCompile>
  </ItemGroup>
  <ItemGroup>
    <ClInclude Include="AshEngine-Alpha-2-AP25\AshEngine\AshAnimator.h">
      <Filter>AshEngine</Filter>
    </ClInclude>
    <ClInclude Include="AshEngine-Alpha-2-AP25\AshEngine\AshCore.h">
      <Filter>AshEngine</Filter>
    </ClInclude>
    <ClInclude Include="AshEngine-Alpha-2-AP25\AshEngine\AshEngine.h">
      <Filter>AshEngine</Filter>
    </ClInclude>
    <ClInclude Include="AshEngine-Alpha-2-AP25\AshEngine\AshEntity.h">
      <Filter>AshEngine</Filter>
    </ClInclude>
    <ClInclude Include="AshEngine-Alpha-2-AP25\AshEngine\AshResourceManager.h">
      <Filter>AshEngine</Filter>
    </ClInclude>
    <ClInclude Include="Game.h">
      <Filter>Файлы заголовков</Filter>
    </ClInclude>
    <ClInclude Include="scripts\mimocraftScripts.h">
      <Filter>Исходные файлы</Filter>
    </ClInclude>
    <ClInclude Include="scripts\mimocraftSlots&amp;Signals.h">
      <Filter>Исходные файлы</Filter>
    </ClInclude>
    <ClInclude Include="scripts\blocks.h">
      <Filter>scenes&amp;properties</Filter>
    </ClInclude>
    <ClInclude Include="scripts\MimocraftAlgo.h">
      <Filter>Исходные файлы</Filter>
    </ClInclude>
    <ClInclude Include="staff\Algoritm.h">
      <Filter>Исходные файлы</Filter>
    </ClInclude>
    <ClInclude Include="staff\PolygonShape.h">
      <Filter>betterShape</Filter>
    </ClInclude>
    <ClInclude Include="staff\Shape.h">
      <Filter>betterShape</Filter>
    </ClInclude>
    <ClInclude Include="staff\Line.h">
      <Filter>betterShape</Filter>
    </ClInclude>
  </ItemGroup>
  <ItemGroup>
    <Text Include="resources\properties.txt">
      <Filter>scenes&amp;properties</Filter>
    </Text>
    <Text Include="resources\scenes\playerArea.txt">
      <Filter>scenes&amp;properties</Filter>
    </Text>
  </ItemGroup>
</Project>